
Microsoft Visual Studio Solution File, Format Version 12.00
# Visual Studio 15
VisualStudioVersion = 15.0.27130.2003
MinimumVisualStudioVersion = 10.0.40219.1
Project("{9A19103F-16F7-4668-BE54-9A1E7A4F7556}") = "MailmanSharp", "MailmanSharp\MailmanSharp.csproj", "{343F95F5-A9BA-4785-A8E4-FC383818BFD4}"
EndProject
Project("{FAE04EC0-301F-11D3-BF4B-00C04F79EFBC}") = "MailmanSharp.Tests", "MailmanSharp.Tests\MailmanSharp.Tests.csproj", "{7790FDE1-D252-49CE-9A55-DD1B92B7BFC9}"
EndProject
Project("{2150E333-8FDC-42A3-9474-1A3956D46DE8}") = "SolutionItems", "SolutionItems", "{D72181D3-DAFD-4C83-917D-8E9EC6D5E237}"
	ProjectSection(SolutionItems) = preProject
		README.md = README.md
	EndProjectSection
EndProject
Project("{FAE04EC0-301F-11D3-BF4B-00C04F79EFBC}") = "MailmanSharp.IntegrationTests", "MailmanSharp.IntegrationTests\MailmanSharp.IntegrationTests.csproj", "{10251062-5F82-4B38-BFA3-1231B459D787}"
EndProject
Global
	GlobalSection(SolutionConfigurationPlatforms) = preSolution
		Debug|Any CPU = Debug|Any CPU
		Debug|Mixed Platforms = Debug|Mixed Platforms
		Debug|x86 = Debug|x86
		Release|Any CPU = Release|Any CPU
		Release|Mixed Platforms = Release|Mixed Platforms
		Release|x86 = Release|x86
	EndGlobalSection
	GlobalSection(ProjectConfigurationPlatforms) = postSolution
		{343F95F5-A9BA-4785-A8E4-FC383818BFD4}.Debug|Any CPU.ActiveCfg = Debug|Any CPU
		{343F95F5-A9BA-4785-A8E4-FC383818BFD4}.Debug|Any CPU.Build.0 = Debug|Any CPU
		{343F95F5-A9BA-4785-A8E4-FC383818BFD4}.Debug|Mixed Platforms.ActiveCfg = Debug|Any CPU
		{343F95F5-A9BA-4785-A8E4-FC383818BFD4}.Debug|Mixed Platforms.Build.0 = Debug|Any CPU
		{343F95F5-A9BA-4785-A8E4-FC383818BFD4}.Debug|x86.ActiveCfg = Debug|Any CPU
		{343F95F5-A9BA-4785-A8E4-FC383818BFD4}.Debug|x86.Build.0 = Debug|Any CPU
		{343F95F5-A9BA-4785-A8E4-FC383818BFD4}.Release|Any CPU.ActiveCfg = Release|Any CPU
		{343F95F5-A9BA-4785-A8E4-FC383818BFD4}.Release|Any CPU.Build.0 = Release|Any CPU
		{343F95F5-A9BA-4785-A8E4-FC383818BFD4}.Release|Mixed Platforms.ActiveCfg = Release|Any CPU
		{343F95F5-A9BA-4785-A8E4-FC383818BFD4}.Release|Mixed Platforms.Build.0 = Release|Any CPU
		{343F95F5-A9BA-4785-A8E4-FC383818BFD4}.Release|x86.ActiveCfg = Release|Any CPU
		{343F95F5-A9BA-4785-A8E4-FC383818BFD4}.Release|x86.Build.0 = Release|Any CPU
		{7790FDE1-D252-49CE-9A55-DD1B92B7BFC9}.Debug|Any CPU.ActiveCfg = Debug|Any CPU
		{7790FDE1-D252-49CE-9A55-DD1B92B7BFC9}.Debug|Any CPU.Build.0 = Debug|Any CPU
		{7790FDE1-D252-49CE-9A55-DD1B92B7BFC9}.Debug|Mixed Platforms.ActiveCfg = Debug|Any CPU
		{7790FDE1-D252-49CE-9A55-DD1B92B7BFC9}.Debug|Mixed Platforms.Build.0 = Debug|Any CPU
		{7790FDE1-D252-49CE-9A55-DD1B92B7BFC9}.Debug|x86.ActiveCfg = Debug|Any CPU
		{7790FDE1-D252-49CE-9A55-DD1B92B7BFC9}.Debug|x86.Build.0 = Debug|Any CPU
		{7790FDE1-D252-49CE-9A55-DD1B92B7BFC9}.Release|Any CPU.ActiveCfg = Release|Any CPU
		{7790FDE1-D252-49CE-9A55-DD1B92B7BFC9}.Release|Any CPU.Build.0 = Release|Any CPU
		{7790FDE1-D252-49CE-9A55-DD1B92B7BFC9}.Release|Mixed Platforms.ActiveCfg = Release|Any CPU
		{7790FDE1-D252-49CE-9A55-DD1B92B7BFC9}.Release|Mixed Platforms.Build.0 = Release|Any CPU
		{7790FDE1-D252-49CE-9A55-DD1B92B7BFC9}.Release|x86.ActiveCfg = Release|Any CPU
		{7790FDE1-D252-49CE-9A55-DD1B92B7BFC9}.Release|x86.Build.0 = Release|Any CPU
		{10251062-5F82-4B38-BFA3-1231B459D787}.Debug|Any CPU.ActiveCfg = Debug|Any CPU
		{10251062-5F82-4B38-BFA3-1231B459D787}.Debug|Any CPU.Build.0 = Debug|Any CPU
		{10251062-5F82-4B38-BFA3-1231B459D787}.Debug|Mixed Platforms.ActiveCfg = Debug|Any CPU
		{10251062-5F82-4B38-BFA3-1231B459D787}.Debug|Mixed Platforms.Build.0 = Debug|Any CPU
		{10251062-5F82-4B38-BFA3-1231B459D787}.Debug|x86.ActiveCfg = Debug|Any CPU
		{10251062-5F82-4B38-BFA3-1231B459D787}.Debug|x86.Build.0 = Debug|Any CPU
		{10251062-5F82-4B38-BFA3-1231B459D787}.Release|Any CPU.ActiveCfg = Release|Any CPU
		{10251062-5F82-4B38-BFA3-1231B459D787}.Release|Any CPU.Build.0 = Release|Any CPU
		{10251062-5F82-4B38-BFA3-1231B459D787}.Release|Mixed Platforms.ActiveCfg = Release|Any CPU
		{10251062-5F82-4B38-BFA3-1231B459D787}.Release|Mixed Platforms.Build.0 = Release|Any CPU
		{10251062-5F82-4B38-BFA3-1231B459D787}.Release|x86.ActiveCfg = Release|Any CPU
		{10251062-5F82-4B38-BFA3-1231B459D787}.Release|x86.Build.0 = Release|Any CPU
	EndGlobalSection
	GlobalSection(SolutionProperties) = preSolution
		HideSolutionNode = FALSE
	EndGlobalSection
	GlobalSection(ExtensibilityGlobals) = postSolution
		SolutionGuid = {1EB42053-D62B-4C32-AEA9-3FDB84B91284}
	EndGlobalSection
EndGlobal
